NeoBundleLock ctrlp-funky 6a0168b7bcbc8b9c92d536724ca3d14b61ddd56b
NeoBundleLock ctrlp.vim 0415f77465da3eedb41ce4cfdef6c68e3447661a
NeoBundleLock github-search.vim a16b872c6a9f9d6907aaf6f54ffa7e72aba80efe
NeoBundleLock neobundle.vim c6fa48cd665071b7a4dbf5ab53f48cd5884716ee
NeoBundleLock neocomplete.vim 0dbc6e4594db2e7fdd4c71b93e67b51e26c9c258
NeoBundleLock nerdcommenter 285902752f7ab2052ac700a6d29b263dd5788afb
NeoBundleLock nerdtree 66e00e61a2bcb65d5992c19356fb98ae1bdb5380
NeoBundleLock tagbar 959f48798136bfd4ce60075d3c86c580fcf5e5c5
NeoBundleLock verilog.vim 9dc2f2a6a114a322cbab41d2e4b5fd9dc62a06eb
NeoBundleLock vim-airline 466198adc015a9d81e975374d8e206dcf3efd173
NeoBundleLock vim-xdc-syntax 93356f98261b30b289b6ec95769738fd0982485f
NeoBundleLock vim-xtcl-syntax 96cae878a62924d92e23357202f2c977b6ae1ff4
NeoBundleLock vimcdoc 4a74365bf22bf06eb86528399f236e9c9be09d06
